{
  "version": 4,
  "terraform_version": "1.6.3",
  "serial": 31,
  "lineage": "75d6ac5f-241a-db68-0e1f-1f7d7a4709f1",
  "outputs": {
    "instance_ip": {
      "value": "54.201.98.144",
      "type": "string"
    }
  },
  "resources": [
    {
      "mode": "managed",
      "type": "aws_instance",
      "name": "devops_demo_server",
      "provider": "provider[\"registry.terraform.io/hashicorp/aws\"]",
      "instances": [
        {
          "schema_version": 1,
          "attributes": {
            "ami": "ami-04e914639d0cca79a",
            "arn": "arn:aws:ec2:us-west-2:040323213445:instance/i-035df0854751e27fc",
            "associate_public_ip_address": true,
            "availability_zone": "us-west-2a",
            "capacity_reservation_specification": [
              {
                "capacity_reservation_preference": "open",
                "capacity_reservation_target": []
              }
            ],
            "cpu_core_count": 1,
            "cpu_options": [
              {
                "amd_sev_snp": "",
                "core_count": 1,
                "threads_per_core": 1
              }
            ],
            "cpu_threads_per_core": 1,
            "credit_specification": [
              {
                "cpu_credits": "standard"
              }
            ],
            "disable_api_stop": false,
            "disable_api_termination": false,
            "ebs_block_device": [],
            "ebs_optimized": false,
            "enclave_options": [
              {
                "enabled": false
              }
            ],
            "ephemeral_block_device": [],
            "get_password_data": false,
            "hibernation": false,
            "host_id": "",
            "host_resource_group_arn": null,
            "iam_instance_profile": "",
            "id": "i-035df0854751e27fc",
            "instance_initiated_shutdown_behavior": "stop",
            "instance_state": "running",
            "instance_type": "t2.micro",
            "ipv6_address_count": 0,
            "ipv6_addresses": [],
            "key_name": "devops-ssh-key",
            "launch_template": [],
            "maintenance_options": [
              {
                "auto_recovery": "default"
              }
            ],
            "metadata_options": [
              {
                "http_endpoint": "enabled",
                "http_put_response_hop_limit": 2,
                "http_tokens": "required",
                "instance_metadata_tags": "disabled"
              }
            ],
            "monitoring": false,
            "network_interface": [],
            "outpost_arn": "",
            "password_data": "",
            "placement_group": "",
            "placement_partition_number": 0,
            "primary_network_interface_id": "eni-0716bd82896830118",
            "private_dns": "ip-172-31-35-58.us-west-2.compute.internal",
            "private_dns_name_options": [
              {
                "enable_resource_name_dns_a_record": false,
                "enable_resource_name_dns_aaaa_record": false,
                "hostname_type": "ip-name"
              }
            ],
            "private_ip": "172.31.35.58",
            "public_dns": "ec2-54-201-98-144.us-west-2.compute.amazonaws.com",
            "public_ip": "54.201.98.144",
            "root_block_device": [
              {
                "delete_on_termination": true,
                "device_name": "/dev/xvda",
                "encrypted": false,
                "iops": 3000,
                "kms_key_id": "",
                "tags": {},
                "throughput": 125,
                "volume_id": "vol-0edc9066126de2d1e",
                "volume_size": 8,
                "volume_type": "gp3"
              }
            ],
            "secondary_private_ips": [],
            "security_groups": [
              "default"
            ],
            "source_dest_check": true,
            "subnet_id": "subnet-195b0971",
            "tags": {
              "Name": "devops demo"
            },
            "tags_all": {
              "Name": "devops demo"
            },
            "tenancy": "default",
            "timeouts": null,
            "user_data": null,
            "user_data_base64": null,
            "user_data_replace_on_change": false,
            "volume_tags": null,
            "vpc_security_group_ids": [
              "sg-8c13f0e3"
            ]
          },
          "sensitive_attributes": [],
          "private": "eyJlMmJmYjczMC1lY2FhLTExZTYtOGY4OC0zNDM2M2JjN2M0YzAiOnsiY3JlYXRlIjo2MDAwMDAwMDAwMDAsImRlbGV0ZSI6MTIwMDAwMDAwMDAwMCwidXBkYXRlIjo2MDAwMDAwMDAwMDB9LCJzY2hlbWFfdmVyc2lvbiI6IjEifQ=="
        }
      ]
    },
    {
      "mode": "managed",
      "type": "aws_key_pair",
      "name": "ssh-key",
      "provider": "provider[\"registry.terraform.io/hashicorp/aws\"]",
      "instances": [
        {
          "index_key": 0,
          "schema_version": 1,
          "attributes": {
            "arn": "arn:aws:ec2:us-west-2:040323213445:key-pair/devops-ssh-key",
            "fingerprint": "34:f0:fb:52:63:bd:16:8b:66:ca:a9:b1:13:18:7a:27",
            "id": "devops-ssh-key",
            "key_name": "devops-ssh-key",
            "key_name_prefix": "",
            "key_pair_id": "key-064dd47de10de72e3",
            "key_type": "rsa",
            "public_key": "ssh-rsa AAAAB3NzaC1yc2EAAAADAQABAAACAQCwa9/CNCptINxJtCtSloDITjHLgiIhldE9j9HcKX6g+TZSoEmvxBOdansrgdfQoY3CDf0hUM2wR/WF6OF43o1IRN+YYu27h/A7UvCw5lEpx5TLVvHeiPhU0RhEVlrPNOAA6QbDxaVLtcVnb0CC9IVI6JJgy/oudhmV8gHhjIOPSIxam8zGtD3n24BKXnOo+f6t49CwifJy90AuyP5s+WSG4iLogk7RSE42rNwr8dU2oBELdBnyAvMsR2yZ7qQLwsxnjhLIOAr0XPHfimWkCCrQlNVz3YR/Bm+0uYr/DwtHB+8qa7JbRvVBkcQ4SlrVrKH0pFA7ikkYFXkudG9J0wI3iuv5Jv8cBG8tSI64vqjEUerECT2IvmWeG7Kxdt1TQfqckIZboQSTQUajXJzuvnqVzeMFUT/0GnYLFoHXb7dTbYBR1ju1Fkb3ewkw1krIf/fZMD6DAu4msZ2wSAncNkTujSW4VEOY2Y+koCYX6YpyEjR3Mt6RCEo85/bO7wFQaNlYh+GJ+f7HeYKxrSDZUnIz20q3JepYjGTItXqosWzT0URqYfPa3z5FBdANNuyQvIHOuJZ5qMuYek19Z03OJZfsh7cunKGzGwOifsUMXL2zAr+XpN+oYsZFH/HrcKLfvn2866WEP4mTS0YucYOQNlODpldsJxY2CPDrOFwbt63NWw== trebsirk@gmail.com",
            "tags": null,
            "tags_all": {}
          },
          "sensitive_attributes": [],
          "private": "eyJzY2hlbWFfdmVyc2lvbiI6IjEifQ=="
        }
      ]
    }
  ],
  "check_results": null
}
